
Microsoft Visual Studio Solution File, Format Version 12.00
# Visual Studio 15
VisualStudioVersion = 15.0.27703.2035
MinimumVisualStudioVersion = 10.0.40219.1
Project("{FAE04EC0-301F-11D3-BF4B-00C04F79EFBC}") = "AutofacUtility", "AutofacUtility\AutofacUtility.csproj", "{E25E38E5-1DD7-4341-AB1E-5BBBD75A4D62}"
EndProject
Project("{FAE04EC0-301F-11D3-BF4B-00C04F79EFBC}") = "Common", "Common\Common.csproj", "{55E27C1E-ECFB-4E6F-B5E0-508C882DDDAB}"
EndProject
Project("{FAE04EC0-301F-11D3-BF4B-00C04F79EFBC}") = "Compress", "Compress\Compress.csproj", "{1D277EBB-586D-4FB0-A2B3-C2218B6EB1EA}"
EndProject
Project("{FAE04EC0-301F-11D3-BF4B-00C04F79EFBC}") = "DesignPattern", "DesignPattern\DesignPattern.csproj", "{1AC97D40-2405-4FB6-91F3-225E2F036FB6}"
EndProject
Project("{FAE04EC0-301F-11D3-BF4B-00C04F79EFBC}") = "Internation", "Internation\Internation.csproj", "{4A044DD7-CE3B-4D79-A28D-C4441A157A98}"
EndProject
Project("{FAE04EC0-301F-11D3-BF4B-00C04F79EFBC}") = "Logger", "Logger\Logger.csproj", "{E77FBCC0-1D82-41A0-A771-9D356E2D68F6}"
EndProject
Project("{FAE04EC0-301F-11D3-BF4B-00C04F79EFBC}") = "Mathematics", "Mathematics\Mathematics.csproj", "{C5493F23-494F-48E3-8319-FC5A06BA4F48}"
EndProject
Project("{FAE04EC0-301F-11D3-BF4B-00C04F79EFBC}") = "Media", "Media\Media.csproj", "{1D76B570-7064-4A8A-987F-1D4F003B316A}"
EndProject
Project("{FAE04EC0-301F-11D3-BF4B-00C04F79EFBC}") = "UnitTest", "UnitTest\UnitTest.csproj", "{DF243958-1D22-4721-BD40-CC99DF512305}"
EndProject
Project("{FAE04EC0-301F-11D3-BF4B-00C04F79EFBC}") = "WinLibrary", "WinLibrary\WinLibrary.csproj", "{C2C66F9C-7DEF-46AA-88D0-C3DCB71CFB5E}"
EndProject
Project("{FAE04EC0-301F-11D3-BF4B-00C04F79EFBC}") = "UCommon", "UCommon\UCommon.csproj", "{02F92370-D9A3-4A6B-8B7D-717315A01145}"
EndProject
Project("{FAE04EC0-301F-11D3-BF4B-00C04F79EFBC}") = "UCommonEditor", "UCommonEditor\UCommonEditor.csproj", "{522C0820-E5F6-4BD9-A1E3-FE2E1A1E2CE2}"
EndProject
Project("{FAE04EC0-301F-11D3-BF4B-00C04F79EFBC}") = "AutofacEditor", "AutofacEditor\AutofacEditor.csproj", "{E770C1C5-DE34-4711-95D9-B333D053C951}"
EndProject
Project("{FAE04EC0-301F-11D3-BF4B-00C04F79EFBC}") = "Graph", "Graph\Graph.csproj", "{C5AA355E-267D-4D1A-93C0-EB6932F10E79}"
EndProject
Project("{FAE04EC0-301F-11D3-BF4B-00C04F79EFBC}") = "UDesignPattern", "UDesignPattern\UDesignPattern.csproj", "{BB6AB83B-B3D1-4D0C-A86E-0AA6F4CD43F2}"
EndProject
Project("{FAE04EC0-301F-11D3-BF4B-00C04F79EFBC}") = "Sqlite", "Sqlite\Sqlite.csproj", "{5BD275E7-085F-4D1A-9490-F63265191968}"
EndProject
Project("{FAE04EC0-301F-11D3-BF4B-00C04F79EFBC}") = "CommandServo", "CommandServo\CommandServo.csproj", "{20823512-91D2-41BF-A11D-6D6703B1FE50}"
EndProject
Project("{FAE04EC0-301F-11D3-BF4B-00C04F79EFBC}") = "WinUtility", "WinUtility\WinUtility.csproj", "{93887DA2-F638-4CA4-8A7D-7FF06407C8CD}"
EndProject
Project("{FAE04EC0-301F-11D3-BF4B-00C04F79EFBC}") = "UCurve", "UCurve\UCurve.csproj", "{1D301377-2284-4FAF-9847-503896CE63DF}"
EndProject
Project("{FAE04EC0-301F-11D3-BF4B-00C04F79EFBC}") = "UCurvePath", "UCurvePath\UCurvePath.csproj", "{F1D69A8E-1D1C-46E1-9AFD-989DE797B4F4}"
EndProject
Project("{FAE04EC0-301F-11D3-BF4B-00C04F79EFBC}") = "UCurvePathEditor", "UCurvePathEditor\UCurvePathEditor.csproj", "{EF553A94-8DBE-4386-A891-D07FE500BC25}"
EndProject
Project("{FAE04EC0-301F-11D3-BF4B-00C04F79EFBC}") = "USkinnedMesh", "USkinnedMesh\USkinnedMesh.csproj", "{AD7E2966-AAEA-4A99-8790-B1C4375CB15F}"
EndProject
Project("{FAE04EC0-301F-11D3-BF4B-00C04F79EFBC}") = "USkinnedMeshEditor", "USkinnedMeshEditor\USkinnedMeshEditor.csproj", "{0BB4CB52-8530-4D5F-91C2-C8DFBC550267}"
EndProject
Project("{FAE04EC0-301F-11D3-BF4B-00C04F79EFBC}") = "UMeter", "UMeter\UMeter.csproj", "{9EB4EF70-1B1E-42A6-9A9B-DBE9B67625F4}"
EndProject
Project("{FAE04EC0-301F-11D3-BF4B-00C04F79EFBC}") = "UMeterEditor", "UMeterEditor\UMeterEditor.csproj", "{0C36011D-BFF8-403D-A7E6-5A9A5B43D0E8}"
EndProject
Project("{FAE04EC0-301F-11D3-BF4B-00C04F79EFBC}") = "UElement", "UElement\UElement.csproj", "{1AE82A00-F9F4-4E09-9F19-F55A860258A3}"
EndProject
Project("{FAE04EC0-301F-11D3-BF4B-00C04F79EFBC}") = "UElementEditor", "UElementEditor\UElementEditor.csproj", "{32FE7446-4544-43A6-BACE-387026B0D2F8}"
EndProject
Global
	GlobalSection(SolutionConfigurationPlatforms) = preSolution
		Debug|Any CPU = Debug|Any CPU
		Release|Any CPU = Release|Any CPU
	EndGlobalSection
	GlobalSection(ProjectConfigurationPlatforms) = postSolution
		{E25E38E5-1DD7-4341-AB1E-5BBBD75A4D62}.Debug|Any CPU.ActiveCfg = Debug|Any CPU
		{E25E38E5-1DD7-4341-AB1E-5BBBD75A4D62}.Debug|Any CPU.Build.0 = Debug|Any CPU
		{E25E38E5-1DD7-4341-AB1E-5BBBD75A4D62}.Release|Any CPU.ActiveCfg = Release|Any CPU
		{E25E38E5-1DD7-4341-AB1E-5BBBD75A4D62}.Release|Any CPU.Build.0 = Release|Any CPU
		{55E27C1E-ECFB-4E6F-B5E0-508C882DDDAB}.Debug|Any CPU.ActiveCfg = Debug|Any CPU
		{55E27C1E-ECFB-4E6F-B5E0-508C882DDDAB}.Debug|Any CPU.Build.0 = Debug|Any CPU
		{55E27C1E-ECFB-4E6F-B5E0-508C882DDDAB}.Release|Any CPU.ActiveCfg = Release|Any CPU
		{55E27C1E-ECFB-4E6F-B5E0-508C882DDDAB}.Release|Any CPU.Build.0 = Release|Any CPU
		{1D277EBB-586D-4FB0-A2B3-C2218B6EB1EA}.Debug|Any CPU.ActiveCfg = Debug|Any CPU
		{1D277EBB-586D-4FB0-A2B3-C2218B6EB1EA}.Debug|Any CPU.Build.0 = Debug|Any CPU
		{1D277EBB-586D-4FB0-A2B3-C2218B6EB1EA}.Release|Any CPU.ActiveCfg = Release|Any CPU
		{1D277EBB-586D-4FB0-A2B3-C2218B6EB1EA}.Release|Any CPU.Build.0 = Release|Any CPU
		{1AC97D40-2405-4FB6-91F3-225E2F036FB6}.Debug|Any CPU.ActiveCfg = Debug|Any CPU
		{1AC97D40-2405-4FB6-91F3-225E2F036FB6}.Debug|Any CPU.Build.0 = Debug|Any CPU
		{1AC97D40-2405-4FB6-91F3-225E2F036FB6}.Release|Any CPU.ActiveCfg = Release|Any CPU
		{1AC97D40-2405-4FB6-91F3-225E2F036FB6}.Release|Any CPU.Build.0 = Release|Any CPU
		{4A044DD7-CE3B-4D79-A28D-C4441A157A98}.Debug|Any CPU.ActiveCfg = Debug|Any CPU
		{4A044DD7-CE3B-4D79-A28D-C4441A157A98}.Debug|Any CPU.Build.0 = Debug|Any CPU
		{4A044DD7-CE3B-4D79-A28D-C4441A157A98}.Release|Any CPU.ActiveCfg = Release|Any CPU
		{4A044DD7-CE3B-4D79-A28D-C4441A157A98}.Release|Any CPU.Build.0 = Release|Any CPU
		{E77FBCC0-1D82-41A0-A771-9D356E2D68F6}.Debug|Any CPU.ActiveCfg = Debug|Any CPU
		{E77FBCC0-1D82-41A0-A771-9D356E2D68F6}.Debug|Any CPU.Build.0 = Debug|Any CPU
		{E77FBCC0-1D82-41A0-A771-9D356E2D68F6}.Release|Any CPU.ActiveCfg = Release|Any CPU
		{E77FBCC0-1D82-41A0-A771-9D356E2D68F6}.Release|Any CPU.Build.0 = Release|Any CPU
		{C5493F23-494F-48E3-8319-FC5A06BA4F48}.Debug|Any CPU.ActiveCfg = Debug|Any CPU
		{C5493F23-494F-48E3-8319-FC5A06BA4F48}.Debug|Any CPU.Build.0 = Debug|Any CPU
		{C5493F23-494F-48E3-8319-FC5A06BA4F48}.Release|Any CPU.ActiveCfg = Release|Any CPU
		{C5493F23-494F-48E3-8319-FC5A06BA4F48}.Release|Any CPU.Build.0 = Release|Any CPU
		{1D76B570-7064-4A8A-987F-1D4F003B316A}.Debug|Any CPU.ActiveCfg = Debug|Any CPU
		{1D76B570-7064-4A8A-987F-1D4F003B316A}.Debug|Any CPU.Build.0 = Debug|Any CPU
		{1D76B570-7064-4A8A-987F-1D4F003B316A}.Release|Any CPU.ActiveCfg = Release|Any CPU
		{1D76B570-7064-4A8A-987F-1D4F003B316A}.Release|Any CPU.Build.0 = Release|Any CPU
		{DF243958-1D22-4721-BD40-CC99DF512305}.Debug|Any CPU.ActiveCfg = Debug|Any CPU
		{DF243958-1D22-4721-BD40-CC99DF512305}.Debug|Any CPU.Build.0 = Debug|Any CPU
		{DF243958-1D22-4721-BD40-CC99DF512305}.Release|Any CPU.ActiveCfg = Release|Any CPU
		{DF243958-1D22-4721-BD40-CC99DF512305}.Release|Any CPU.Build.0 = Release|Any CPU
		{C2C66F9C-7DEF-46AA-88D0-C3DCB71CFB5E}.Debug|Any CPU.ActiveCfg = Debug|Any CPU
		{C2C66F9C-7DEF-46AA-88D0-C3DCB71CFB5E}.Debug|Any CPU.Build.0 = Debug|Any CPU
		{C2C66F9C-7DEF-46AA-88D0-C3DCB71CFB5E}.Release|Any CPU.ActiveCfg = Release|Any CPU
		{C2C66F9C-7DEF-46AA-88D0-C3DCB71CFB5E}.Release|Any CPU.Build.0 = Release|Any CPU
		{02F92370-D9A3-4A6B-8B7D-717315A01145}.Debug|Any CPU.ActiveCfg = Debug|Any CPU
		{02F92370-D9A3-4A6B-8B7D-717315A01145}.Debug|Any CPU.Build.0 = Debug|Any CPU
		{02F92370-D9A3-4A6B-8B7D-717315A01145}.Release|Any CPU.ActiveCfg = Release|Any CPU
		{02F92370-D9A3-4A6B-8B7D-717315A01145}.Release|Any CPU.Build.0 = Release|Any CPU
		{522C0820-E5F6-4BD9-A1E3-FE2E1A1E2CE2}.Debug|Any CPU.ActiveCfg = Debug|Any CPU
		{522C0820-E5F6-4BD9-A1E3-FE2E1A1E2CE2}.Debug|Any CPU.Build.0 = Debug|Any CPU
		{522C0820-E5F6-4BD9-A1E3-FE2E1A1E2CE2}.Release|Any CPU.ActiveCfg = Release|Any CPU
		{522C0820-E5F6-4BD9-A1E3-FE2E1A1E2CE2}.Release|Any CPU.Build.0 = Release|Any CPU
		{E770C1C5-DE34-4711-95D9-B333D053C951}.Debug|Any CPU.ActiveCfg = Debug|Any CPU
		{E770C1C5-DE34-4711-95D9-B333D053C951}.Debug|Any CPU.Build.0 = Debug|Any CPU
		{E770C1C5-DE34-4711-95D9-B333D053C951}.Release|Any CPU.ActiveCfg = Release|Any CPU
		{E770C1C5-DE34-4711-95D9-B333D053C951}.Release|Any CPU.Build.0 = Release|Any CPU
		{C5AA355E-267D-4D1A-93C0-EB6932F10E79}.Debug|Any CPU.ActiveCfg = Debug|Any CPU
		{C5AA355E-267D-4D1A-93C0-EB6932F10E79}.Debug|Any CPU.Build.0 = Debug|Any CPU
		{C5AA355E-267D-4D1A-93C0-EB6932F10E79}.Release|Any CPU.ActiveCfg = Release|Any CPU
		{C5AA355E-267D-4D1A-93C0-EB6932F10E79}.Release|Any CPU.Build.0 = Release|Any CPU
		{BB6AB83B-B3D1-4D0C-A86E-0AA6F4CD43F2}.Debug|Any CPU.ActiveCfg = Debug|Any CPU
		{BB6AB83B-B3D1-4D0C-A86E-0AA6F4CD43F2}.Debug|Any CPU.Build.0 = Debug|Any CPU
		{BB6AB83B-B3D1-4D0C-A86E-0AA6F4CD43F2}.Release|Any CPU.ActiveCfg = Release|Any CPU
		{BB6AB83B-B3D1-4D0C-A86E-0AA6F4CD43F2}.Release|Any CPU.Build.0 = Release|Any CPU
		{5BD275E7-085F-4D1A-9490-F63265191968}.Debug|Any CPU.ActiveCfg = Debug|Any CPU
		{5BD275E7-085F-4D1A-9490-F63265191968}.Debug|Any CPU.Build.0 = Debug|Any CPU
		{5BD275E7-085F-4D1A-9490-F63265191968}.Release|Any CPU.ActiveCfg = Release|Any CPU
		{5BD275E7-085F-4D1A-9490-F63265191968}.Release|Any CPU.Build.0 = Release|Any CPU
		{20823512-91D2-41BF-A11D-6D6703B1FE50}.Debug|Any CPU.ActiveCfg = Debug|Any CPU
		{20823512-91D2-41BF-A11D-6D6703B1FE50}.Debug|Any CPU.Build.0 = Debug|Any CPU
		{20823512-91D2-41BF-A11D-6D6703B1FE50}.Release|Any CPU.ActiveCfg = Release|Any CPU
		{20823512-91D2-41BF-A11D-6D6703B1FE50}.Release|Any CPU.Build.0 = Release|Any CPU
		{93887DA2-F638-4CA4-8A7D-7FF06407C8CD}.Debug|Any CPU.ActiveCfg = Debug|Any CPU
		{93887DA2-F638-4CA4-8A7D-7FF06407C8CD}.Debug|Any CPU.Build.0 = Debug|Any CPU
		{93887DA2-F638-4CA4-8A7D-7FF06407C8CD}.Release|Any CPU.ActiveCfg = Release|Any CPU
		{93887DA2-F638-4CA4-8A7D-7FF06407C8CD}.Release|Any CPU.Build.0 = Release|Any CPU
		{1D301377-2284-4FAF-9847-503896CE63DF}.Debug|Any CPU.ActiveCfg = Debug|Any CPU
		{1D301377-2284-4FAF-9847-503896CE63DF}.Debug|Any CPU.Build.0 = Debug|Any CPU
		{1D301377-2284-4FAF-9847-503896CE63DF}.Release|Any CPU.ActiveCfg = Release|Any CPU
		{1D301377-2284-4FAF-9847-503896CE63DF}.Release|Any CPU.Build.0 = Release|Any CPU
		{F1D69A8E-1D1C-46E1-9AFD-989DE797B4F4}.Debug|Any CPU.ActiveCfg = Debug|Any CPU
		{F1D69A8E-1D1C-46E1-9AFD-989DE797B4F4}.Debug|Any CPU.Build.0 = Debug|Any CPU
		{F1D69A8E-1D1C-46E1-9AFD-989DE797B4F4}.Release|Any CPU.ActiveCfg = Release|Any CPU
		{F1D69A8E-1D1C-46E1-9AFD-989DE797B4F4}.Release|Any CPU.Build.0 = Release|Any CPU
		{EF553A94-8DBE-4386-A891-D07FE500BC25}.Debug|Any CPU.ActiveCfg = Debug|Any CPU
		{EF553A94-8DBE-4386-A891-D07FE500BC25}.Debug|Any CPU.Build.0 = Debug|Any CPU
		{EF553A94-8DBE-4386-A891-D07FE500BC25}.Release|Any CPU.ActiveCfg = Release|Any CPU
		{EF553A94-8DBE-4386-A891-D07FE500BC25}.Release|Any CPU.Build.0 = Release|Any CPU
		{AD7E2966-AAEA-4A99-8790-B1C4375CB15F}.Debug|Any CPU.ActiveCfg = Debug|Any CPU
		{AD7E2966-AAEA-4A99-8790-B1C4375CB15F}.Debug|Any CPU.Build.0 = Debug|Any CPU
		{AD7E2966-AAEA-4A99-8790-B1C4375CB15F}.Release|Any CPU.ActiveCfg = Release|Any CPU
		{AD7E2966-AAEA-4A99-8790-B1C4375CB15F}.Release|Any CPU.Build.0 = Release|Any CPU
		{0BB4CB52-8530-4D5F-91C2-C8DFBC550267}.Debug|Any CPU.ActiveCfg = Debug|Any CPU
		{0BB4CB52-8530-4D5F-91C2-C8DFBC550267}.Debug|Any CPU.Build.0 = Debug|Any CPU
		{0BB4CB52-8530-4D5F-91C2-C8DFBC550267}.Release|Any CPU.ActiveCfg = Release|Any CPU
		{0BB4CB52-8530-4D5F-91C2-C8DFBC550267}.Release|Any CPU.Build.0 = Release|Any CPU
		{9EB4EF70-1B1E-42A6-9A9B-DBE9B67625F4}.Debug|Any CPU.ActiveCfg = Debug|Any CPU
		{9EB4EF70-1B1E-42A6-9A9B-DBE9B67625F4}.Debug|Any CPU.Build.0 = Debug|Any CPU
		{9EB4EF70-1B1E-42A6-9A9B-DBE9B67625F4}.Release|Any CPU.ActiveCfg = Release|Any CPU
		{9EB4EF70-1B1E-42A6-9A9B-DBE9B67625F4}.Release|Any CPU.Build.0 = Release|Any CPU
		{0C36011D-BFF8-403D-A7E6-5A9A5B43D0E8}.Debug|Any CPU.ActiveCfg = Debug|Any CPU
		{0C36011D-BFF8-403D-A7E6-5A9A5B43D0E8}.Debug|Any CPU.Build.0 = Debug|Any CPU
		{0C36011D-BFF8-403D-A7E6-5A9A5B43D0E8}.Release|Any CPU.ActiveCfg = Release|Any CPU
		{0C36011D-BFF8-403D-A7E6-5A9A5B43D0E8}.Release|Any CPU.Build.0 = Release|Any CPU
		{1AE82A00-F9F4-4E09-9F19-F55A860258A3}.Debug|Any CPU.ActiveCfg = Debug|Any CPU
		{1AE82A00-F9F4-4E09-9F19-F55A860258A3}.Debug|Any CPU.Build.0 = Debug|Any CPU
		{1AE82A00-F9F4-4E09-9F19-F55A860258A3}.Release|Any CPU.ActiveCfg = Release|Any CPU
		{1AE82A00-F9F4-4E09-9F19-F55A860258A3}.Release|Any CPU.Build.0 = Release|Any CPU
		{32FE7446-4544-43A6-BACE-387026B0D2F8}.Debug|Any CPU.ActiveCfg = Debug|Any CPU
		{32FE7446-4544-43A6-BACE-387026B0D2F8}.Debug|Any CPU.Build.0 = Debug|Any CPU
		{32FE7446-4544-43A6-BACE-387026B0D2F8}.Release|Any CPU.ActiveCfg = Release|Any CPU
		{32FE7446-4544-43A6-BACE-387026B0D2F8}.Release|Any CPU.Build.0 = Release|Any CPU
	EndGlobalSection
	GlobalSection(SolutionProperties) = preSolution
		HideSolutionNode = FALSE
	EndGlobalSection
	GlobalSection(ExtensibilityGlobals) = postSolution
		SolutionGuid = {974557F6-6E20-43E0-9BC4-FD0DCC191AE0}
	EndGlobalSection
EndGlobal
